
Microsoft Visual Studio Solution File, Format Version 12.00
# Visual Studio Version 17
VisualStudioVersion = 17.14.36401.2 d17.14
MinimumVisualStudioVersion = 10.0.40219.1
Project("{FAE04EC0-301F-11D3-BF4B-00C04F79EFBC}") = "WebApp", "WebApp\WebApp.csproj", "{8BDB8106-A739-4149-B530-D2282A822178}"
EndProject
Global
	GlobalSection(SolutionConfigurationPlatforms) = preSolution
		Debug|Any CPU = Debug|Any CPU
		Release|Any CPU = Release|Any CPU
	EndGlobalSection
	GlobalSection(ProjectConfigurationPlatforms) = postSolution
		{8BDB8106-A739-4149-B530-D2282A822178}.Debug|Any CPU.ActiveCfg = Debug|Any CPU
		{8BDB8106-A739-4149-B530-D2282A822178}.Debug|Any CPU.Build.0 = Debug|Any CPU
		{8BDB8106-A739-4149-B530-D2282A822178}.Release|Any CPU.ActiveCfg = Release|Any CPU
		{8BDB8106-A739-4149-B530-D2282A822178}.Release|Any CPU.Build.0 = Release|Any CPU
	EndGlobalSection
	GlobalSection(SolutionProperties) = preSolution
		HideSolutionNode = FALSE
	EndGlobalSection
	GlobalSection(ExtensibilityGlobals) = postSolution
		SolutionGuid = {03B77412-8079-4B26-9801-F740A16AC061}
	EndGlobalSection
EndGlobal
